// !$*UTF8*$!
{
	archiveVersion = 1;
	classes = {
	};
	objectVersion = 48;
	objects = {

/* Begin PBXBuildFile section */
		1AAE83BB202469C3004E3FDE /* AppDelegate.swift in Sources */ = {isa = PBXBuildFile; fileRef = 1AAE83BA202469C3004E3FDE /* AppDelegate.swift */; };
		1AAE83BD202469C3004E3FDE /* ViewController.swift in Sources */ = {isa = PBXBuildFile; fileRef = 1AAE83BC202469C3004E3FDE /* ViewController.swift */; };
		1AAE83C0202469C3004E3FDE /* Main.storyboard in Resources */ = {isa = PBXBuildFile; fileRef = 1AAE83BE202469C3004E3FDE /* Main.storyboard */; };
		1AAE83C2202469C3004E3FDE /* Assets.xcassets in Resources */ = {isa = PBXBuildFile; fileRef = 1AAE83C1202469C3004E3FDE /* Assets.xcassets */; };
		1AAE83C5202469C3004E3FDE /* LaunchScreen.storyboard in Resources */ = {isa = PBXBuildFile; fileRef = 1AAE83C3202469C3004E3FDE /* LaunchScreen.storyboard */; };
		1AAE83CD202486A4004E3FDE /* BeaconCell.swift in Sources */ = {isa = PBXBuildFile; fileRef = 1AAE83CC202486A4004E3FDE /* BeaconCell.swift */; };
/* End PBXBuildFile section */

/* Begin PBXFileReference section */
		1AAE83B7202469C3004E3FDE /* iBeacons.app */ = {isa = PBXFileReference; explicitFileType = wrapper.application; includeInIndex = 0; path = iBeacons.app; sourceTree = BUILT_PRODUCTS_DIR; };
		1AAE83BA202469C3004E3FDE /* AppDelegate.swift */ = {isa = PBXFileReference; lastKnownFileType = sourcecode.swift; path = AppDelegate.swift; sourceTree = "<group>"; };
		1AAE83BC202469C3004E3FDE /* ViewController.swift */ = {isa = PBXFileReference; lastKnownFileType = sourcecode.swift; path = ViewController.swift; sourceTree = "<group>"; };
		1AAE83BF202469C3004E3FDE /* Base */ = {isa = PBXFileReference; lastKnownFileType = file.storyboard; name = Base; path = Base.lproj/Main.storyboard; sourceTree = "<group>"; };
		1AAE83C1202469C3004E3FDE /* Assets.xcassets */ = {isa = PBXFileReference; lastKnownFileType = folder.assetcatalog; path = Assets.xcassets; sourceTree = "<group>"; };
		1AAE83C4202469C3004E3FDE /* Base */ = {isa = PBXFileReference; lastKnownFileType = file.storyboard; name = Base; path = Base.lproj/LaunchScreen.storyboard; sourceTree = "<group>"; };
		1AAE83C6202469C3004E3FDE /* Info.plist */ = {isa = PBXFileReference; lastKnownFileType = text.plist.xml; path = Info.plist; sourceTree = "<group>"; };
		1AAE83CC202486A4004E3FDE /* BeaconCell.swift */ = {isa = PBXFileReference; lastKnownFileType = sourcecode.swift; path = BeaconCell.swift; sourceTree = "<group>"; };
/* End PBXFileReference section */

/* Begin PBXFrameworksBuildPhase section */
		1AAE83B4202469C3004E3FDE /* Frameworks */ = {
			isa = PBXFrameworksBuildPhase;
			buildActionMask = 2147483647;
			files = (
			);
			runOnlyForDeploymentPostprocessing = 0;
		};
/* End PBXFrameworksBuildPhase section */

/* Begin PBXGroup section */
		1AAE83AE202469C3004E3FDE = {
			isa = PBXGroup;
			children = (
				1AAE83B9202469C3004E3FDE /* iBeacons */,
				1AAE83B8202469C3004E3FDE /* Products */,
			);
			sourceTree = "<group>";
		};
		1AAE83B8202469C3004E3FDE /* Products */ = {
			isa = PBXGroup;
			children = (
				1AAE83B7202469C3004E3FDE /* iBeacons.app */,
			);
			name = Products;
			sourceTree = "<group>";
		};
		1AAE83B9202469C3004E3FDE /* iBeacons */ = {
			isa = PBXGroup;
			children = (
				1AAE83BA202469C3004E3FDE /* AppDelegate.swift */,
				1AAE83BC202469C3004E3FDE /* ViewController.swift */,
				1AAE83CC202486A4004E3FDE /* BeaconCell.swift */,
				1AAE83BE202469C3004E3FDE /* Main.storyboard */,
				1AAE83C1202469C3004E3FDE /* Assets.xcassets */,
				1AAE83C3202469C3004E3FDE /* LaunchScreen.storyboard */,
				1AAE83C6202469C3004E3FDE /* Info.plist */,
			);
			path = iBeacons;
			sourceTree = "<group>";
		};
/* End PBXGroup section */

/* Begin PBXNativeTarget section */
		1AAE83B6202469C3004E3FDE /* iBeacons */ = {
			isa = PBXNativeTarget;
			buildConfigurationList = 1AAE83C9202469C3004E3FDE /* Build configuration list for PBXNativeTarget "iBeacons" */;
			buildPhases = (
				1AAE83B3202469C3004E3FDE /* Sources */,
				1AAE83B4202469C3004E3FDE /* Frameworks */,
				1AAE83B5202469C3004E3FDE /* Resources */,
			);
			buildRules = (
			);
			dependencies = (
			);
			name = iBeacons;
			productName = iBeacons;
			productReference = 1AAE83B7202469C3004E3FDE /* iBeacons.app */;
			productType = "com.apple.product-type.application";
		};
/* End PBXNativeTarget section */

/* Begin PBXProject section */
		1AAE83AF202469C3004E3FDE /* Project object */ = {
			isa = PBXProject;
			attributes = {
				LastSwiftUpdateCheck = 0920;
				LastUpgradeCheck = 0920;
				ORGANIZATIONNAME = "Rantmedia Ltd.";
				TargetAttributes = {
					1AAE83B6202469C3004E3FDE = {
						CreatedOnToolsVersion = 9.2;
						ProvisioningStyle = Automatic;
					};
				};
			};
			buildConfigurationList = 1AAE83B2202469C3004E3FDE /* Build configuration list for PBXProject "iBeacons" */;
			compatibilityVersion = "Xcode 8.0";
			developmentRegion = en;
			hasScannedForEncodings = 0;
			knownRegions = (
				en,
				Base,
			);
			mainGroup = 1AAE83AE202469C3004E3FDE;
			productRefGroup = 1AAE83B8202469C3004E3FDE /* Products */;
			projectDirPath = "";
			projectRoot = "";
			targets = (
				1AAE83B6202469C3004E3FDE /* iBeacons */,
			);
		};
/* End PBXProject section */

/* Begin PBXResourcesBuildPhase section */
		1AAE83B5202469C3004E3FDE /* Resources */ = {
			isa = PBXResourcesBuildPhase;
			buildActionMask = 2147483647;
			files = (
				1AAE83C5202469C3004E3FDE /* LaunchScreen.storyboard in Resources */,
				1AAE83C2202469C3004E3FDE /* Assets.xcassets in Resources */,
				1AAE83C0202469C3004E3FDE /* Main.storyboard in Resources */,
			);
			runOnlyForDeploymentPostprocessing = 0;
		};
/* End PBXResourcesBuildPhase section */

/* Begin PBXSourcesBuildPhase section */
		1AAE83B3202469C3004E3FDE /* Sources */ = {
			isa = PBXSourcesBuildPhase;
			buildActionMask = 2147483647;
			files = (
				1AAE83CD202486A4004E3FDE /* BeaconCell.swift in Sources */,
				1AAE83BD202469C3004E3FDE /* ViewController.swift in Sources */,
				1AAE83BB202469C3004E3FDE /* AppDelegate.swift in Sources */,
			);
			runOnlyForDeploymentPostprocessing = 0;
		};
/* End PBXSourcesBuildPhase section */

/* Begin PBXVariantGroup section */
		1AAE83BE202469C3004E3FDE /* Main.storyboard */ = {
			isa = PBXVariantGroup;
			children = (
				1AAE83BF202469C3004E3FDE /* Base */,
			);
			name = Main.storyboard;
			sourceTree = "<group>";
		};
		1AAE83C3202469C3004E3FDE /* LaunchScreen.storyboard */ = {
			isa = PBXVariantGroup;
			children = (
				1AAE83C4202469C3004E3FDE /* Base */,
			);
			name = LaunchScreen.storyboard;
			sourceTree = "<group>";
		};
/* End PBXVariantGroup section */

/* Begin XCBuildConfiguration section */
		1AAE83C7202469C3004E3FDE /* Debug */ = {
			isa = XCBuildConfiguration;
			buildSettings = {
				ALWAYS_SEARCH_USER_PATHS = NO;
				CLANG_ANALYZER_NONNULL = YES;
				CLANG_ANALYZER_NUMBER_OBJECT_CONVERSION = YES_AGGRESSIVE;
				CLANG_CXX_LANGUAGE_STANDARD = "gnu++14";
				CLANG_CXX_LIBRARY = "libc++";
				CLANG_ENABLE_MODULES = YES;
				CLANG_ENABLE_OBJC_ARC = YES;
				CLANG_WARN_BLOCK_CAPTURE_AUTORELEASING = YES;
				CLANG_WARN_BOOL_CONVERSION = YES;
				CLANG_WARN_COMMA = YES;
				CLANG_WARN_CONSTANT_CONVERSION = YES;
				CLANG_WARN_DIRECT_OBJC_ISA_USAGE = YES_ERROR;
				CLANG_WARN_DOCUMENTATION_COMMENTS = YES;
				CLANG_WARN_EMPTY_BODY = YES;
				CLANG_WARN_ENUM_CONVERSION = YES;
				CLANG_WARN_INFINITE_RECURSION = YES;
				CLANG_WARN_INT_CONVERSION = YES;
				CLANG_WARN_NON_LITERAL_NULL_CONVERSION = YES;
				CLANG_WARN_OBJC_LITERAL_CONVERSION = YES;
				CLANG_WARN_OBJC_ROOT_CLASS = YES_ERROR;
				CLANG_WARN_RANGE_LOOP_ANALYSIS = YES;
				CLANG_WARN_STRICT_PROTOTYPES = YES;
				CLANG_WARN_SUSPICIOUS_MOVE = YES;
				CLANG_WARN_UNGUARDED_AVAILABILITY = YES_AGGRESSIVE;
				CLANG_WARN_UNREACHABLE_CODE = YES;
				CLANG_WARN__DUPLICATE_METHOD_MATCH = YES;
				CODE_SIGN_IDENTITY = "iPhone Developer";
				COPY_PHASE_STRIP = NO;
				DEBUG_INFORMATION_FORMAT = dwarf;
				ENABLE_STRICT_OBJC_MSGSEND = YES;
				ENABLE_TESTABILITY = YES;
				GCC_C_LANGUAGE_STANDARD = gnu11;
				GCC_DYNAMIC_NO_PIC = NO;
				GCC_NO_COMMON_BLOCKS = YES;
				GCC_OPTIMIZATION_LEVEL = 0;
				GCC_PREPROCESSOR_DEFINITIONS = (
					"DEBUG=1",
					"$(inherited)",
				);
				GCC_WARN_64_TO_32_BIT_CONVERSION = YES;
				GCC_WARN_ABOUT_RETURN_TYPE = YES_ERROR;
				GCC_WARN_UNDECLARED_SELECTOR = YES;
				GCC_WARN_UNINITIALIZED_AUTOS = YES_AGGRESSIVE;
				GCC_WARN_UNUSED_FUNCTION = YES;
				GCC_WARN_UNUSED_VARIABLE = YES;
				IPHONEOS_DEPLOYMENT_TARGET = 11.2;
				MTL_ENABLE_DEBUG_INFO = YES;
				ONLY_ACTIVE_ARCH = YES;
				SDKROOT = iphoneos;
				SWIFT_ACTIVE_COMPILATION_CONDITIONS = DEBUG;
				SWIFT_OPTIMIZATION_LEVEL = "-Onone";
			};
			name = Debug;
		};
		1AAE83C8202469C3004E3FDE /* Release */ = {
			isa = XCBuildConfiguration;
			buildSettings = {
				ALWAYS_SEARCH_USER_PATHS = NO;
				CLANG_ANALYZER_NONNULL = YES;
				CLANG_ANALYZER_NUMBER_OBJECT_CONVERSION = YES_AGGRESSIVE;
				CLANG_CXX_LANGUAGE_STANDARD = "gnu++14";
				CLANG_CXX_LIBRARY = "libc++";
				CLANG_ENABLE_MODULES = YES;
				CLANG_ENABLE_OBJC_ARC = YES;
				CLANG_WARN_BLOCK_CAPTURE_AUTORELEASING = YES;
				CLANG_WARN_BOOL_CONVERSION = YES;
				CLANG_WARN_COMMA = YES;
				CLANG_WARN_CONSTANT_CONVERSION = YES;
				CLANG_WARN_DIRECT_OBJC_ISA_USAGE = YES_ERROR;
				CLANG_WARN_DOCUMENTATION_COMMENTS = YES;
				CLANG_WARN_EMPTY_BODY = YES;
				CLANG_WARN_ENUM_CONVERSION = YES;
				CLANG_WARN_INFINITE_RECURSION = YES;
				CLANG_WARN_INT_CONVERSION = YES;
				CLANG_WARN_NON_LITERAL_NULL_CONVERSION = YES;
				CLANG_WARN_OBJC_LITERAL_CONVERSION = YES;
				CLANG_WARN_OBJC_ROOT_CLASS = YES_ERROR;
				CLANG_WARN_RANGE_LOOP_ANALYSIS = YES;
				CLANG_WARN_STRICT_PROTOTYPES = YES;
				CLANG_WARN_SUSPICIOUS_MOVE = YES;
				CLANG_WARN_UNGUARDED_AVAILABILITY = YES_AGGRESSIVE;
				CLANG_WARN_UNREACHABLE_CODE = YES;
				CLANG_WARN__DUPLICATE_METHOD_MATCH = YES;
				CODE_SIGN_IDENTITY = "iPhone Developer";
				COPY_PHASE_STRIP = NO;
				DEBUG_INFORMATION_FORMAT = "dwarf-with-dsym";
				ENABLE_NS_ASSERTIONS = NO;
				ENABLE_STRICT_OBJC_MSGSEND = YES;
				GCC_C_LANGUAGE_STANDARD = gnu11;
				GCC_NO_COMMON_BLOCKS = YES;
				GCC_WARN_64_TO_32_BIT_CONVERSION = YES;
				GCC_WARN_ABOUT_RETURN_TYPE = YES_ERROR;
				GCC_WARN_UNDECLARED_SELECTOR = YES;
				GCC_WARN_UNINITIALIZED_AUTOS = YES_AGGRESSIVE;
				GCC_WARN_UNUSED_FUNCTION = YES;
				GCC_WARN_UNUSED_VARIABLE = YES;
				IPHONEOS_DEPLOYMENT_TARGET = 11.2;
				MTL_ENABLE_DEBUG_INFO = NO;
				SDKROOT = iphoneos;
				SWIFT_OPTIMIZATION_LEVEL = "-Owholemodule";
				VALIDATE_PRODUCT = YES;
			};
			name = Release;
		};
		1AAE83CA202469C3004E3FDE /* Debug */ = {
			isa = XCBuildConfiguration;
			buildSettings = {
				ASSETCATALOG_COMPILER_APPICON_NAME = AppIcon;
				CODE_SIGN_STYLE = Automatic;
				DEVELOPMENT_TEAM = R3NMXDKAQ7;
				INFOPLIST_FILE = iBeacons/Info.plist;
				LD_RUNPATH_SEARCH_PATHS = "$(inherited) @executable_path/Frameworks";
				PRODUCT_BUNDLE_IDENTIFIER = com.rantmedia.iBeacons;
				PRODUCT_NAME = "$(TARGET_NAME)";
				SWIFT_VERSION = 4.0;
				TARGETED_DEVICE_FAMILY = "1,2";
			};
			name = Debug;
		};
		1AAE83CB202469C3004E3FDE /* Release */ = {
			isa = XCBuildConfiguration;
			buildSettings = {
				ASSETCATALOG_COMPILER_APPICON_NAME = AppIcon;
				CODE_SIGN_STYLE = Automatic;
				DEVELOPMENT_TEAM = R3NMXDKAQ7;
				INFOPLIST_FILE = iBeacons/Info.plist;
				LD_RUNPATH_SEARCH_PATHS = "$(inherited) @executable_path/Frameworks";
				PRODUCT_BUNDLE_IDENTIFIER = com.rantmedia.iBeacons;
				PRODUCT_NAME = "$(TARGET_NAME)";
				SWIFT_VERSION = 4.0;
				TARGETED_DEVICE_FAMILY = "1,2";
			};
			name = Release;
		};
/* End XCBuildConfiguration section */

/* Begin XCConfigurationList section */
		1AAE83B2202469C3004E3FDE /* Build configuration list for PBXProject "iBeacons" */ = {
			isa = XCConfigurationList;
			buildConfigurations = (
				1AAE83C7202469C3004E3FDE /* Debug */,
				1AAE83C8202469C3004E3FDE /* Release */,
			);
			defaultConfigurationIsVisible = 0;
			defaultConfigurationName = Release;
		};
		1AAE83C9202469C3004E3FDE /* Build configuration list for PBXNativeTarget "iBeacons" */ = {
			isa = XCConfigurationList;
			buildConfigurations = (
				1AAE83CA202469C3004E3FDE /* Debug */,
				1AAE83CB202469C3004E3FDE /* Release */,
			);
			defaultConfigurationIsVisible = 0;
			defaultConfigurationName = Release;
		};
/* End XCConfigurationList section */
	};
	rootObject = 1AAE83AF202469C3004E3FDE /* Project object */;
}
